
Microsoft Visual Studio Solution File, Format Version 12.00
# Visual Studio Version 16
VisualStudioVersion = 16.0.30709.132
MinimumVisualStudioVersion = 10.0.40219.1
Project("{FAE04EC0-301F-11D3-BF4B-00C04F79EFBC}") = "ChicAPI", "ChicAPI.csproj", "{1DEFF184-62CB-4B8E-859F-E677DF9CCFB7}"
EndProject
Global
	GlobalSection(SolutionConfigurationPlatforms) = preSolution
		Debug|Any CPU = Debug|Any CPU
		Release|Any CPU = Release|Any CPU
	EndGlobalSection
	GlobalSection(ProjectConfigurationPlatforms) = postSolution
		{1DEFF184-62CB-4B8E-859F-E677DF9CCFB7}.Debug|Any CPU.ActiveCfg = Debug|Any CPU
		{1DEFF184-62CB-4B8E-859F-E677DF9CCFB7}.Debug|Any CPU.Build.0 = Debug|Any CPU
		{1DEFF184-62CB-4B8E-859F-E677DF9CCFB7}.Release|Any CPU.ActiveCfg = Release|Any CPU
		{1DEFF184-62CB-4B8E-859F-E677DF9CCFB7}.Release|Any CPU.Build.0 = Release|Any CPU
	EndGlobalSection
	GlobalSection(SolutionProperties) = preSolution
		HideSolutionNode = FALSE
	EndGlobalSection
	GlobalSection(ExtensibilityGlobals) = postSolution
		SolutionGuid = {0B66DAB2-9532-4DC0-9A27-5F155682AF7A}
	EndGlobalSection
EndGlobal
